
Microsoft Visual Studio Solution File, Format Version 12.00
# Visual Studio Version 17
VisualStudioVersion = 17.7.34031.279
MinimumVisualStudioVersion = 10.0.40219.1
Project("{8BC9CEB8-8B4A-11D0-8D11-00A0C91BC942}") = "Lab02", "Lab02.vcxproj", "{79A94830-4AB7-46C2-9558-C7B5D357C9C5}"
EndProject
Global
	GlobalSection(SolutionConfigurationPlatforms) = preSolution
		Debug|x64 = Debug|x64
		Release|x64 = Release|x64
	EndGlobalSection
	GlobalSection(ProjectConfigurationPlatforms) = postSolution
		{79A94830-4AB7-46C2-9558-C7B5D357C9C5}.Debug|x64.ActiveCfg = Debug|x64
		{79A94830-4AB7-46C2-9558-C7B5D357C9C5}.Debug|x64.Build.0 = Debug|x64
		{79A94830-4AB7-46C2-9558-C7B5D357C9C5}.Release|x64.ActiveCfg = Release|x64
		{79A94830-4AB7-46C2-9558-C7B5D357C9C5}.Release|x64.Build.0 = Release|x64
	EndGlobalSection
	GlobalSection(SolutionProperties) = preSolution
		HideSolutionNode = FALSE
	EndGlobalSection
	GlobalSection(ExtensibilityGlobals) = postSolution
		SolutionGuid = {C2B5FB91-7E16-4EB0-BBD2-952B65C81560}
	EndGlobalSection
EndGlobal
